
Microsoft Visual Studio Solution File, Format Version 12.00
# Visual Studio Version 17
VisualStudioVersion = 17.2.32505.173
MinimumVisualStudioVersion = 10.0.40219.1
Project("{8BC9CEB8-8B4A-11D0-8D11-00A0C91BC942}") = "IrisRenderGraph", "IrisRenderGraph\IrisRenderGraph.vcxproj", "{A724D759-9A64-443F-9ACF-663D7007D8EC}"
EndProject
Global
	GlobalSection(SolutionConfigurationPlatforms) = preSolution
		Debug|x64 = Debug|x64
		Release|x64 = Release|x64
	EndGlobalSection
	GlobalSection(ProjectConfigurationPlatforms) = postSolution
		{A724D759-9A64-443F-9ACF-663D7007D8EC}.Debug|x64.ActiveCfg = Debug|x64
		{A724D759-9A64-443F-9ACF-663D7007D8EC}.Debug|x64.Build.0 = Debug|x64
		{A724D759-9A64-443F-9ACF-663D7007D8EC}.Release|x64.ActiveCfg = Release|x64
		{A724D759-9A64-443F-9ACF-663D7007D8EC}.Release|x64.Build.0 = Release|x64
	EndGlobalSection
	GlobalSection(SolutionProperties) = preSolution
		HideSolutionNode = FALSE
	EndGlobalSection
	GlobalSection(ExtensibilityGlobals) = postSolution
		SolutionGuid = {BAE5D3A1-2F12-4425-9C3A-806E62CE7C1E}
	EndGlobalSection
EndGlobal
